
Microsoft Visual Studio Solution File, Format Version 12.00
# Visual Studio Version 17
VisualStudioVersion = 17.12.35707.178
MinimumVisualStudioVersion = 10.0.40219.1
Project("{FAE04EC0-301F-11D3-BF4B-00C04F79EFBC}") = "WpfPatientManagement", "WpfPatientManagement\WpfPatientManagement.csproj", "{E989548E-8FAF-48D6-85B5-24934A1D6331}"
EndProject
Project("{FAE04EC0-301F-11D3-BF4B-00C04F79EFBC}") = "WpfLib", "WpfLib\WpfLib.csproj", "{E97546AC-41C5-4C20-A0E1-A052D399E196}"
EndProject
Global
	GlobalSection(SolutionConfigurationPlatforms) = preSolution
		Debug|Any CPU = Debug|Any CPU
		Release|Any CPU = Release|Any CPU
	EndGlobalSection
	GlobalSection(ProjectConfigurationPlatforms) = postSolution
		{E989548E-8FAF-48D6-85B5-24934A1D6331}.Debug|Any CPU.ActiveCfg = Debug|Any CPU
		{E989548E-8FAF-48D6-85B5-24934A1D6331}.Debug|Any CPU.Build.0 = Debug|Any CPU
		{E989548E-8FAF-48D6-85B5-24934A1D6331}.Release|Any CPU.ActiveCfg = Release|Any CPU
		{E989548E-8FAF-48D6-85B5-24934A1D6331}.Release|Any CPU.Build.0 = Release|Any CPU
		{E97546AC-41C5-4C20-A0E1-A052D399E196}.Debug|Any CPU.ActiveCfg = Debug|Any CPU
		{E97546AC-41C5-4C20-A0E1-A052D399E196}.Debug|Any CPU.Build.0 = Debug|Any CPU
		{E97546AC-41C5-4C20-A0E1-A052D399E196}.Release|Any CPU.ActiveCfg = Release|Any CPU
		{E97546AC-41C5-4C20-A0E1-A052D399E196}.Release|Any CPU.Build.0 = Release|Any CPU
	EndGlobalSection
	GlobalSection(SolutionProperties) = preSolution
		HideSolutionNode = FALSE
	EndGlobalSection
EndGlobal
